
Microsoft Visual Studio Solution File, Format Version 12.00
# Visual Studio 15
VisualStudioVersion = 15.0.26730.12
MinimumVisualStudioVersion = 10.0.40219.1
Project("{FAE04EC0-301F-11D3-BF4B-00C04F79EFBC}") = "ICAMP_Project", "ICAMP_Project\ICAMP_Project.csproj", "{6A41BFE8-A263-41F8-BA94-90AFE5EEAA25}"
EndProject
Global
	GlobalSection(SolutionConfigurationPlatforms) = preSolution
		Debug|Any CPU = Debug|Any CPU
		Release|Any CPU = Release|Any CPU
	EndGlobalSection
	GlobalSection(ProjectConfigurationPlatforms) = postSolution
		{6A41BFE8-A263-41F8-BA94-90AFE5EEAA25}.Debug|Any CPU.ActiveCfg = Debug|Any CPU
		{6A41BFE8-A263-41F8-BA94-90AFE5EEAA25}.Debug|Any CPU.Build.0 = Debug|Any CPU
		{6A41BFE8-A263-41F8-BA94-90AFE5EEAA25}.Release|Any CPU.ActiveCfg = Release|Any CPU
		{6A41BFE8-A263-41F8-BA94-90AFE5EEAA25}.Release|Any CPU.Build.0 = Release|Any CPU
	EndGlobalSection
	GlobalSection(SolutionProperties) = preSolution
		HideSolutionNode = FALSE
	EndGlobalSection
	GlobalSection(ExtensibilityGlobals) = postSolution
		SolutionGuid = {BEA4E3A2-7631-43BB-AB54-2509684643AC}
	EndGlobalSection
EndGlobal
